
Microsoft Visual Studio Solution File, Format Version 12.00
# Visual Studio Version 16
VisualStudioVersion = 16.0.30011.22
MinimumVisualStudioVersion = 10.0.40219.1
Project("{FAE04EC0-301F-11D3-BF4B-00C04F79EFBC}") = "VogCodeChallenge.API", "VogCodeChallenge.API\VogCodeChallenge.API.csproj", "{A4776295-AB3A-4F1E-BDEE-D41B1F0379E8}"
EndProject
Global
	GlobalSection(SolutionConfigurationPlatforms) = preSolution
		Debug|Any CPU = Debug|Any CPU
		Release|Any CPU = Release|Any CPU
	EndGlobalSection
	GlobalSection(ProjectConfigurationPlatforms) = postSolution
		{A4776295-AB3A-4F1E-BDEE-D41B1F0379E8}.Debug|Any CPU.ActiveCfg = Debug|Any CPU
		{A4776295-AB3A-4F1E-BDEE-D41B1F0379E8}.Debug|Any CPU.Build.0 = Debug|Any CPU
		{A4776295-AB3A-4F1E-BDEE-D41B1F0379E8}.Release|Any CPU.ActiveCfg = Release|Any CPU
		{A4776295-AB3A-4F1E-BDEE-D41B1F0379E8}.Release|Any CPU.Build.0 = Release|Any CPU
	EndGlobalSection
	GlobalSection(SolutionProperties) = preSolution
		HideSolutionNode = FALSE
	EndGlobalSection
	GlobalSection(ExtensibilityGlobals) = postSolution
		SolutionGuid = {3B6FB91D-CAF8-4F69-B17E-CF539B92332C}
	EndGlobalSection
EndGlobal
